
Microsoft Visual Studio Solution File, Format Version 12.00
# Visual Studio Version 17
VisualStudioVersion = 17.11.35327.3
MinimumVisualStudioVersion = 10.0.40219.1
Project("{FAE04EC0-301F-11D3-BF4B-00C04F79EFBC}") = "Data", "Data\Data.csproj", "{37AFB846-4624-4D20-868B-1B1C5963774F}"
EndProject
Project("{FAE04EC0-301F-11D3-BF4B-00C04F79EFBC}") = "Logic", "Logic\Logic.csproj", "{55713477-B4CC-44B7-90EC-D729B1F5157B}"
EndProject
Project("{FAE04EC0-301F-11D3-BF4B-00C04F79EFBC}") = "Presentation", "Presentation\Presentation.csproj", "{CA2E7E71-02C3-40ED-BBC5-022EE4B28EF7}"
EndProject
Global
	GlobalSection(SolutionConfigurationPlatforms) = preSolution
		Debug|Any CPU = Debug|Any CPU
		Release|Any CPU = Release|Any CPU
	EndGlobalSection
	GlobalSection(ProjectConfigurationPlatforms) = postSolution
		{37AFB846-4624-4D20-868B-1B1C5963774F}.Debug|Any CPU.ActiveCfg = Debug|Any CPU
		{37AFB846-4624-4D20-868B-1B1C5963774F}.Debug|Any CPU.Build.0 = Debug|Any CPU
		{37AFB846-4624-4D20-868B-1B1C5963774F}.Release|Any CPU.ActiveCfg = Release|Any CPU
		{37AFB846-4624-4D20-868B-1B1C5963774F}.Release|Any CPU.Build.0 = Release|Any CPU
		{55713477-B4CC-44B7-90EC-D729B1F5157B}.Debug|Any CPU.ActiveCfg = Debug|Any CPU
		{55713477-B4CC-44B7-90EC-D729B1F5157B}.Debug|Any CPU.Build.0 = Debug|Any CPU
		{55713477-B4CC-44B7-90EC-D729B1F5157B}.Release|Any CPU.ActiveCfg = Release|Any CPU
		{55713477-B4CC-44B7-90EC-D729B1F5157B}.Release|Any CPU.Build.0 = Release|Any CPU
		{CA2E7E71-02C3-40ED-BBC5-022EE4B28EF7}.Debug|Any CPU.ActiveCfg = Debug|Any CPU
		{CA2E7E71-02C3-40ED-BBC5-022EE4B28EF7}.Debug|Any CPU.Build.0 = Debug|Any CPU
		{CA2E7E71-02C3-40ED-BBC5-022EE4B28EF7}.Release|Any CPU.ActiveCfg = Release|Any CPU
		{CA2E7E71-02C3-40ED-BBC5-022EE4B28EF7}.Release|Any CPU.Build.0 = Release|Any CPU
	EndGlobalSection
	GlobalSection(SolutionProperties) = preSolution
		HideSolutionNode = FALSE
	EndGlobalSection
	GlobalSection(ExtensibilityGlobals) = postSolution
		SolutionGuid = {58227B81-75F8-4EB5-9ACA-FE839E12F305}
	EndGlobalSection
EndGlobal
